// !$*UTF8*$!
{
	archiveVersion = 1;
	classes = {
	};
	objectVersion = 46;
	objects = {

/* Begin PBXBuildFile section */
		64228E0F1F3A04F3009ADCFD /* PlaceDetailVC.swift in Sources */ = {isa = PBXBuildFile; fileRef = 64228E0E1F3A04F3009ADCFD /* PlaceDetailVC.swift */; };
		64230DEE236E125C00759E6B /* NewVisitVC.swift in Sources */ = {isa = PBXBuildFile; fileRef = 64230DED236E125C00759E6B /* NewVisitVC.swift */; };
		642565641E32F55C0020FA73 /* OptionsVC.swift in Sources */ = {isa = PBXBuildFile; fileRef = 642565631E32F55C0020FA73 /* OptionsVC.swift */; };
		642B345B1E27CDB700A56C77 /* HolyData.xcdatamodeld in Sources */ = {isa = PBXBuildFile; fileRef = 642B34591E27CDB700A56C77 /* HolyData.xcdatamodeld */; };
		642B345D1E2818C200A56C77 /* Extensions.swift in Sources */ = {isa = PBXBuildFile; fileRef = 642B345C1E2818C200A56C77 /* Extensions.swift */; };
		643B59CE2139B99300C71A3B /* SummaryQuotes.xml in Resources */ = {isa = PBXBuildFile; fileRef = 643B59CD2139B99300C71A3B /* SummaryQuotes.xml */; };
		643E378A226BF87D000FEBBC /* MainInterface.storyboard in Resources */ = {isa = PBXBuildFile; fileRef = 643E3789226BF87D000FEBBC /* MainInterface.storyboard */; };
		644243C31E2975810097E924 /* VisitDetailVC.swift in Sources */ = {isa = PBXBuildFile; fileRef = 644243C21E2975810097E924 /* VisitDetailVC.swift */; };
		644243C51E298CA80097E924 /* VisitTableVC.swift in Sources */ = {isa = PBXBuildFile; fileRef = 644243C41E298CA80097E924 /* VisitTableVC.swift */; };
		644243C71E2A6CB10097E924 /* HomeVC.swift in Sources */ = {isa = PBXBuildFile; fileRef = 644243C61E2A6CB10097E924 /* HomeVC.swift */; };
		644D96601F69F77A00E9D502 /* Main.storyboard in Resources */ = {isa = PBXBuildFile; fileRef = 644D965F1F69F77A00E9D502 /* Main.storyboard */; };
		6453044E1F79443500667F7D /* CopyableLabel.swift in Sources */ = {isa = PBXBuildFile; fileRef = 6453044D1F79443500667F7D /* CopyableLabel.swift */; };
		6460807B1E4B9A5D002CF985 /* VisitOptionsVC.swift in Sources */ = {isa = PBXBuildFile; fileRef = 6460807A1E4B9A5D002CF985 /* VisitOptionsVC.swift */; };
		646BCD801E8EE81800E8E839 /* RecordVisitVC.swift in Sources */ = {isa = PBXBuildFile; fileRef = 646BCD7F1E8EE81800E8E839 /* RecordVisitVC.swift */; };
		64732F53216FA455003E0EBD /* AchievementsVC.swift in Sources */ = {isa = PBXBuildFile; fileRef = 64732F52216FA455003E0EBD /* AchievementsVC.swift */; };
		64732F55216FB09B003E0EBD /* Achievement.swift in Sources */ = {isa = PBXBuildFile; fileRef = 64732F54216FB09B003E0EBD /* Achievement.swift */; };
		6479E5EB1F05733D0087E013 /* MapVC.swift in Sources */ = {isa = PBXBuildFile; fileRef = 6479E5EA1F05733D0087E013 /* MapVC.swift */; };
		6479E5ED1F0576D70087E013 /* MapKit.framework in Frameworks */ = {isa = PBXBuildFile; fileRef = 6479E5EC1F0576D70087E013 /* MapKit.framework */; };
		6479E5EF1F0579B50087E013 /* MapPoint.swift in Sources */ = {isa = PBXBuildFile; fileRef = 6479E5EE1F0579B50087E013 /* MapPoint.swift */; };
		64A3CB671FA901CE00D37E6A /* NotificationCenter.framework in Frameworks */ = {isa = PBXBuildFile; fileRef = 64A3CB661FA901CE00D37E6A /* NotificationCenter.framework */; };
		64A3CB6A1FA901CE00D37E6A /* TodayViewController.swift in Sources */ = {isa = PBXBuildFile; fileRef = 64A3CB691FA901CE00D37E6A /* TodayViewController.swift */; };
		64A3CB711FA901CE00D37E6A /* Holy Places Widget.appex in Embed Foundation Extensions */ = {isa = PBXBuildFile; fileRef = 64A3CB651FA901CE00D37E6A /* Holy Places Widget.appex */; settings = {ATTRIBUTES = (RemoveHeadersOnCopy, ); }; };
		64B520FD1FD6FD6900E9B1EE /* Visits.gpx in Resources */ = {isa = PBXBuildFile; fileRef = 64B520FC1FD6FD6900E9B1EE /* Visits.gpx */; };
		64B521011FD9D94200E9B1EE /* SettingsTableVC.swift in Sources */ = {isa = PBXBuildFile; fileRef = 64B521001FD9D94200E9B1EE /* SettingsTableVC.swift */; };
		64B557EA1F1FEC68002E4182 /* MapOptionsVC.swift in Sources */ = {isa = PBXBuildFile; fileRef = 64B557E91F1FEC68002E4182 /* MapOptionsVC.swift */; };
		64CAEBEF1E2198C000F7C605 /* TableViewController.swift in Sources */ = {isa = PBXBuildFile; fileRef = 64CAEBEE1E2198C000F7C605 /* TableViewController.swift */; };
		64CAEBF11E21B80900F7C605 /* Temples.swift in Sources */ = {isa = PBXBuildFile; fileRef = 64CAEBF01E21B80900F7C605 /* Temples.swift */; };
		64D934591E368ACB008F9975 /* SummaryVC.swift in Sources */ = {isa = PBXBuildFile; fileRef = 64D934581E368ACB008F9975 /* SummaryVC.swift */; };
		64DD9F601E3C02BC00A9EBE9 /* CustomButton.swift in Sources */ = {isa = PBXBuildFile; fileRef = 64DD9F5F1E3C02BC00A9EBE9 /* CustomButton.swift */; };
		64DD9F621E3D2CA900A9EBE9 /* WebsiteVC.swift in Sources */ = {isa = PBXBuildFile; fileRef = 64DD9F611E3D2CA900A9EBE9 /* WebsiteVC.swift */; };
		64EE3EB51ED487DB00B345C6 /* VisitImageVC.swift in Sources */ = {isa = PBXBuildFile; fileRef = 64EE3EB41ED487DB00B345C6 /* VisitImageVC.swift */; };
		64F25D331E30FDDB009FDEF3 /* DateChangeVC.swift in Sources */ = {isa = PBXBuildFile; fileRef = 64F25D321E30FDDB009FDEF3 /* DateChangeVC.swift */; };
		64F7364B1E3AA84A00622CD5 /* InfoVC.swift in Sources */ = {isa = PBXBuildFile; fileRef = 64F7364A1E3AA84A00622CD5 /* InfoVC.swift */; };
		64F810B92029513D00B435BA /* HolyPlaces.xml in Resources */ = {isa = PBXBuildFile; fileRef = 64F810B82029513D00B435BA /* HolyPlaces.xml */; };
		64F9313E1E6F57B500F053F3 /* AltLocationVC.swift in Sources */ = {isa = PBXBuildFile; fileRef = 64F9313D1E6F57B500F053F3 /* AltLocationVC.swift */; };
		64FDE6EF1E21863A00951A58 /* AppDelegate.swift in Sources */ = {isa = PBXBuildFile; fileRef = 64FDE6EE1E21863A00951A58 /* AppDelegate.swift */; };
		64FDE6F81E21863A00951A58 /* Assets.xcassets in Resources */ = {isa = PBXBuildFile; fileRef = 64FDE6F71E21863A00951A58 /* Assets.xcassets */; };
		64FDE6FB1E21863A00951A58 /* LaunchScreen.storyboard in Resources */ = {isa = PBXBuildFile; fileRef = 64FDE6F91E21863A00951A58 /* LaunchScreen.storyboard */; };
/* End PBXBuildFile section */

/* Begin PBXContainerItemProxy section */
		64A3CB6F1FA901CE00D37E6A /* PBXContainerItemProxy */ = {
			isa = PBXContainerItemProxy;
			containerPortal = 64FDE6E31E21863A00951A58 /* Project object */;
			proxyType = 1;
			remoteGlobalIDString = 64A3CB641FA901CE00D37E6A;
			remoteInfo = "Holy Places Widget";
		};
/* End PBXContainerItemProxy section */

/* Begin PBXCopyFilesBuildPhase section */
		64A3CB751FA901CE00D37E6A /* Embed Foundation Extensions */ = {
			isa = PBXCopyFilesBuildPhase;
			buildActionMask = 2147483647;
			dstPath = "";
			dstSubfolderSpec = 13;
			files = (
				64A3CB711FA901CE00D37E6A /* Holy Places Widget.appex in Embed Foundation Extensions */,
			);
			name = "Embed Foundation Extensions";
			runOnlyForDeploymentPostprocessing = 0;
		};
/* End PBXCopyFilesBuildPhase section */

/* Begin PBXFileReference section */
		64228E0E1F3A04F3009ADCFD /* PlaceDetailVC.swift */ = {isa = PBXFileReference; fileEncoding = 4; lastKnownFileType = sourcecode.swift; path = PlaceDetailVC.swift; sourceTree = "<group>"; };
		64230DED236E125C00759E6B /* NewVisitVC.swift */ = {isa = PBXFileReference; lastKnownFileType = sourcecode.swift; path = NewVisitVC.swift; sourceTree = "<group>"; };
		642565631E32F55C0020FA73 /* OptionsVC.swift */ = {isa = PBXFileReference; fileEncoding = 4; lastKnownFileType = sourcecode.swift; path = OptionsVC.swift; sourceTree = "<group>"; };
		642B345A1E27CDB700A56C77 /* HolyData.xcdatamodel */ = {isa = PBXFileReference; lastKnownFileType = wrapper.xcdatamodel; path = HolyData.xcdatamodel; sourceTree = "<group>"; };
		642B345C1E2818C200A56C77 /* Extensions.swift */ = {isa = PBXFileReference; fileEncoding = 4; lastKnownFileType = sourcecode.swift; path = Extensions.swift; sourceTree = "<group>"; };
		643B59CD2139B99300C71A3B /* SummaryQuotes.xml */ = {isa = PBXFileReference; fileEncoding = 4; lastKnownFileType = text.xml; path = SummaryQuotes.xml; sourceTree = "<group>"; };
		643E3789226BF87D000FEBBC /* MainInterface.storyboard */ = {isa = PBXFileReference; fileEncoding = 4; lastKnownFileType = file.storyboard; path = MainInterface.storyboard; sourceTree = "<group>"; };
		644243C21E2975810097E924 /* VisitDetailVC.swift */ = {isa = PBXFileReference; fileEncoding = 4; lastKnownFileType = sourcecode.swift; path = VisitDetailVC.swift; sourceTree = "<group>"; };
		644243C41E298CA80097E924 /* VisitTableVC.swift */ = {isa = PBXFileReference; fileEncoding = 4; lastKnownFileType = sourcecode.swift; path = VisitTableVC.swift; sourceTree = "<group>"; };
		644243C61E2A6CB10097E924 /* HomeVC.swift */ = {isa = PBXFileReference; fileEncoding = 4; lastKnownFileType = sourcecode.swift; path = HomeVC.swift; sourceTree = "<group>"; };
		644D965F1F69F77A00E9D502 /* Main.storyboard */ = {isa = PBXFileReference; fileEncoding = 4; lastKnownFileType = file.storyboard; path = Main.storyboard; sourceTree = "<group>"; };
		6453044D1F79443500667F7D /* CopyableLabel.swift */ = {isa = PBXFileReference; lastKnownFileType = sourcecode.swift; path = CopyableLabel.swift; sourceTree = "<group>"; };
		6460807A1E4B9A5D002CF985 /* VisitOptionsVC.swift */ = {isa = PBXFileReference; fileEncoding = 4; lastKnownFileType = sourcecode.swift; path = VisitOptionsVC.swift; sourceTree = "<group>"; };
		646BCD7F1E8EE81800E8E839 /* RecordVisitVC.swift */ = {isa = PBXFileReference; fileEncoding = 4; lastKnownFileType = sourcecode.swift; path = RecordVisitVC.swift; sourceTree = "<group>"; };
		64732F52216FA455003E0EBD /* AchievementsVC.swift */ = {isa = PBXFileReference; lastKnownFileType = sourcecode.swift; path = AchievementsVC.swift; sourceTree = "<group>"; };
		64732F54216FB09B003E0EBD /* Achievement.swift */ = {isa = PBXFileReference; lastKnownFileType = sourcecode.swift; path = Achievement.swift; sourceTree = "<group>"; };
		6479E5EA1F05733D0087E013 /* MapVC.swift */ = {isa = PBXFileReference; fileEncoding = 4; lastKnownFileType = sourcecode.swift; path = MapVC.swift; sourceTree = "<group>"; };
		6479E5EC1F0576D70087E013 /* MapKit.framework */ = {isa = PBXFileReference; lastKnownFileType = wrapper.framework; name = MapKit.framework; path = System/Library/Frameworks/MapKit.framework; sourceTree = SDKROOT; };
		6479E5EE1F0579B50087E013 /* MapPoint.swift */ = {isa = PBXFileReference; fileEncoding = 4; lastKnownFileType = sourcecode.swift; path = MapPoint.swift; sourceTree = "<group>"; };
		64A3CB651FA901CE00D37E6A /* Holy Places Widget.appex */ = {isa = PBXFileReference; explicitFileType = "wrapper.app-extension"; includeInIndex = 0; path = "Holy Places Widget.appex"; sourceTree = BUILT_PRODUCTS_DIR; };
		64A3CB661FA901CE00D37E6A /* NotificationCenter.framework */ = {isa = PBXFileReference; lastKnownFileType = wrapper.framework; name = NotificationCenter.framework; path = System/Library/Frameworks/NotificationCenter.framework; sourceTree = SDKROOT; };
		64A3CB691FA901CE00D37E6A /* TodayViewController.swift */ = {isa = PBXFileReference; lastKnownFileType = sourcecode.swift; path = TodayViewController.swift; sourceTree = "<group>"; };
		64A3CB6E1FA901CE00D37E6A /* Info.plist */ = {isa = PBXFileReference; lastKnownFileType = text.plist.xml; path = Info.plist; sourceTree = "<group>"; };
		64A3CB761FA901EF00D37E6A /* Holy Places Widget.entitlements */ = {isa = PBXFileReference; lastKnownFileType = text.plist.entitlements; path = "Holy Places Widget.entitlements"; sourceTree = "<group>"; };
		64A3CB771FA9029700D37E6A /* Holy Places.entitlements */ = {isa = PBXFileReference; lastKnownFileType = text.plist.entitlements; path = "Holy Places.entitlements"; sourceTree = "<group>"; };
		64B520FC1FD6FD6900E9B1EE /* Visits.gpx */ = {isa = PBXFileReference; lastKnownFileType = text.xml; path = Visits.gpx; sourceTree = "<group>"; };
		64B521001FD9D94200E9B1EE /* SettingsTableVC.swift */ = {isa = PBXFileReference; lastKnownFileType = sourcecode.swift; path = SettingsTableVC.swift; sourceTree = "<group>"; };
		64B557E91F1FEC68002E4182 /* MapOptionsVC.swift */ = {isa = PBXFileReference; fileEncoding = 4; lastKnownFileType = sourcecode.swift; name = MapOptionsVC.swift; path = ../MapOptionsVC.swift; sourceTree = "<group>"; };
		64BE95172339BD270029E3B3 /* Base */ = {isa = PBXFileReference; lastKnownFileType = file.storyboard; name = Base; path = Base.lproj/LaunchScreen.storyboard; sourceTree = "<group>"; };
		64CAEBEE1E2198C000F7C605 /* TableViewController.swift */ = {isa = PBXFileReference; fileEncoding = 4; lastKnownFileType = sourcecode.swift; path = TableViewController.swift; sourceTree = "<group>"; };
		64CAEBF01E21B80900F7C605 /* Temples.swift */ = {isa = PBXFileReference; fileEncoding = 4; lastKnownFileType = sourcecode.swift; path = Temples.swift; sourceTree = "<group>"; };
		64D934581E368ACB008F9975 /* SummaryVC.swift */ = {isa = PBXFileReference; fileEncoding = 4; lastKnownFileType = sourcecode.swift; path = SummaryVC.swift; sourceTree = "<group>"; };
		64DD9F5F1E3C02BC00A9EBE9 /* CustomButton.swift */ = {isa = PBXFileReference; fileEncoding = 4; lastKnownFileType = sourcecode.swift; path = CustomButton.swift; sourceTree = "<group>"; };
		64DD9F611E3D2CA900A9EBE9 /* WebsiteVC.swift */ = {isa = PBXFileReference; fileEncoding = 4; lastKnownFileType = sourcecode.swift; path = WebsiteVC.swift; sourceTree = "<group>"; };
		64EE3EB41ED487DB00B345C6 /* VisitImageVC.swift */ = {isa = PBXFileReference; fileEncoding = 4; lastKnownFileType = sourcecode.swift; path = VisitImageVC.swift; sourceTree = "<group>"; };
		64F25D321E30FDDB009FDEF3 /* DateChangeVC.swift */ = {isa = PBXFileReference; fileEncoding = 4; lastKnownFileType = sourcecode.swift; path = DateChangeVC.swift; sourceTree = "<group>"; };
		64F7364A1E3AA84A00622CD5 /* InfoVC.swift */ = {isa = PBXFileReference; fileEncoding = 4; lastKnownFileType = sourcecode.swift; path = InfoVC.swift; sourceTree = "<group>"; };
		64F810B82029513D00B435BA /* HolyPlaces.xml */ = {isa = PBXFileReference; fileEncoding = 4; lastKnownFileType = text.xml; name = HolyPlaces.xml; path = Assets.xcassets/HolyPlaces.xml; sourceTree = "<group>"; };
		64F9313D1E6F57B500F053F3 /* AltLocationVC.swift */ = {isa = PBXFileReference; fileEncoding = 4; lastKnownFileType = sourcecode.swift; path = AltLocationVC.swift; sourceTree = "<group>"; };
		64FDE6EB1E21863A00951A58 /* Holy Places.app */ = {isa = PBXFileReference; explicitFileType = wrapper.application; includeInIndex = 0; path = "Holy Places.app"; sourceTree = BUILT_PRODUCTS_DIR; };
		64FDE6EE1E21863A00951A58 /* AppDelegate.swift */ = {isa = PBXFileReference; lastKnownFileType = sourcecode.swift; path = AppDelegate.swift; sourceTree = "<group>"; };
		64FDE6F71E21863A00951A58 /* Assets.xcassets */ = {isa = PBXFileReference; lastKnownFileType = folder.assetcatalog; path = Assets.xcassets; sourceTree = "<group>"; };
		64FDE6FC1E21863A00951A58 /* Info.plist */ = {isa = PBXFileReference; lastKnownFileType = text.plist.xml; path = Info.plist; sourceTree = "<group>"; };
/* End PBXFileReference section */

/* Begin PBXFrameworksBuildPhase section */
		64A3CB621FA901CE00D37E6A /* Frameworks */ = {
			isa = PBXFrameworksBuildPhase;
			buildActionMask = 2147483647;
			files = (
				64A3CB671FA901CE00D37E6A /* NotificationCenter.framework in Frameworks */,
			);
			runOnlyForDeploymentPostprocessing = 0;
		};
		64FDE6E81E21863A00951A58 /* Frameworks */ = {
			isa = PBXFrameworksBuildPhase;
			buildActionMask = 2147483647;
			files = (
				6479E5ED1F0576D70087E013 /* MapKit.framework in Frameworks */,
			);
			runOnlyForDeploymentPostprocessing = 0;
		};
/* End PBXFrameworksBuildPhase section */

/* Begin PBXGroup section */
		6461BADF1E3BF7A200365698 /* Frameworks */ = {
			isa = PBXGroup;
			children = (
				6479E5EC1F0576D70087E013 /* MapKit.framework */,
				64A3CB661FA901CE00D37E6A /* NotificationCenter.framework */,
			);
			name = Frameworks;
			sourceTree = "<group>";
		};
		64A3CB681FA901CE00D37E6A /* Holy Places Widget */ = {
			isa = PBXGroup;
			children = (
				643E3789226BF87D000FEBBC /* MainInterface.storyboard */,
				64A3CB761FA901EF00D37E6A /* Holy Places Widget.entitlements */,
				64A3CB691FA901CE00D37E6A /* TodayViewController.swift */,
				64A3CB6E1FA901CE00D37E6A /* Info.plist */,
			);
			path = "Holy Places Widget";
			sourceTree = "<group>";
		};
		64F25D341E3121C6009FDEF3 /* ViewControllers */ = {
			isa = PBXGroup;
			children = (
				644243C61E2A6CB10097E924 /* HomeVC.swift */,
				64B521001FD9D94200E9B1EE /* SettingsTableVC.swift */,
				64CAEBEE1E2198C000F7C605 /* TableViewController.swift */,
				64228E0E1F3A04F3009ADCFD /* PlaceDetailVC.swift */,
				644243C41E298CA80097E924 /* VisitTableVC.swift */,
				644243C21E2975810097E924 /* VisitDetailVC.swift */,
				64230DED236E125C00759E6B /* NewVisitVC.swift */,
				646BCD7F1E8EE81800E8E839 /* RecordVisitVC.swift */,
				64F25D321E30FDDB009FDEF3 /* DateChangeVC.swift */,
				642565631E32F55C0020FA73 /* OptionsVC.swift */,
				6460807A1E4B9A5D002CF985 /* VisitOptionsVC.swift */,
				64D934581E368ACB008F9975 /* SummaryVC.swift */,
				64732F52216FA455003E0EBD /* AchievementsVC.swift */,
				64F7364A1E3AA84A00622CD5 /* InfoVC.swift */,
				64DD9F611E3D2CA900A9EBE9 /* WebsiteVC.swift */,
				64F9313D1E6F57B500F053F3 /* AltLocationVC.swift */,
				64EE3EB41ED487DB00B345C6 /* VisitImageVC.swift */,
				64B557E91F1FEC68002E4182 /* MapOptionsVC.swift */,
				6479E5EA1F05733D0087E013 /* MapVC.swift */,
			);
			name = ViewControllers;
			sourceTree = "<group>";
		};
		64FDE6E21E21863A00951A58 = {
			isa = PBXGroup;
			children = (
				64FDE6ED1E21863A00951A58 /* Holy Places */,
				64A3CB681FA901CE00D37E6A /* Holy Places Widget */,
				64FDE6EC1E21863A00951A58 /* Products */,
				6461BADF1E3BF7A200365698 /* Frameworks */,
			);
			sourceTree = "<group>";
		};
		64FDE6EC1E21863A00951A58 /* Products */ = {
			isa = PBXGroup;
			children = (
				64FDE6EB1E21863A00951A58 /* Holy Places.app */,
				64A3CB651FA901CE00D37E6A /* Holy Places Widget.appex */,
			);
			name = Products;
			sourceTree = "<group>";
		};
		64FDE6ED1E21863A00951A58 /* Holy Places */ = {
			isa = PBXGroup;
			children = (
				64A3CB771FA9029700D37E6A /* Holy Places.entitlements */,
				644D965F1F69F77A00E9D502 /* Main.storyboard */,
				64F25D341E3121C6009FDEF3 /* ViewControllers */,
				64FDE6EE1E21863A00951A58 /* AppDelegate.swift */,
				64B520FC1FD6FD6900E9B1EE /* Visits.gpx */,
				64CAEBF01E21B80900F7C605 /* Temples.swift */,
				64732F54216FB09B003E0EBD /* Achievement.swift */,
				6479E5EE1F0579B50087E013 /* MapPoint.swift */,
				64DD9F5F1E3C02BC00A9EBE9 /* CustomButton.swift */,
				642B345C1E2818C200A56C77 /* Extensions.swift */,
				6453044D1F79443500667F7D /* CopyableLabel.swift */,
				64FDE6F71E21863A00951A58 /* Assets.xcassets */,
				64F810B82029513D00B435BA /* HolyPlaces.xml */,
				643B59CD2139B99300C71A3B /* SummaryQuotes.xml */,
				64FDE6F91E21863A00951A58 /* LaunchScreen.storyboard */,
				64FDE6FC1E21863A00951A58 /* Info.plist */,
				642B34591E27CDB700A56C77 /* HolyData.xcdatamodeld */,
			);
			path = "Holy Places";
			sourceTree = "<group>";
		};
/* End PBXGroup section */

/* Begin PBXNativeTarget section */
		64A3CB641FA901CE00D37E6A /* Holy Places Widget */ = {
			isa = PBXNativeTarget;
			buildConfigurationList = 64A3CB741FA901CE00D37E6A /* Build configuration list for PBXNativeTarget "Holy Places Widget" */;
			buildPhases = (
				64A3CB611FA901CE00D37E6A /* Sources */,
				64A3CB621FA901CE00D37E6A /* Frameworks */,
				64A3CB631FA901CE00D37E6A /* Resources */,
			);
			buildRules = (
			);
			dependencies = (
			);
			name = "Holy Places Widget";
			productName = "Holy Places Widget";
			productReference = 64A3CB651FA901CE00D37E6A /* Holy Places Widget.appex */;
			productType = "com.apple.product-type.app-extension";
		};
		64FDE6EA1E21863A00951A58 /* Holy Places */ = {
			isa = PBXNativeTarget;
			buildConfigurationList = 64FDE6FF1E21863A00951A58 /* Build configuration list for PBXNativeTarget "Holy Places" */;
			buildPhases = (
				64FDE6E71E21863A00951A58 /* Sources */,
				64FDE6E81E21863A00951A58 /* Frameworks */,
				64FDE6E91E21863A00951A58 /* Resources */,
				64A3CB751FA901CE00D37E6A /* Embed Foundation Extensions */,
			);
			buildRules = (
			);
			dependencies = (
				64A3CB701FA901CE00D37E6A /* PBXTargetDependency */,
			);
			name = "Holy Places";
			productName = "Holy Places";
			productReference = 64FDE6EB1E21863A00951A58 /* Holy Places.app */;
			productType = "com.apple.product-type.application";
		};
/* End PBXNativeTarget section */

/* Begin PBXProject section */
		64FDE6E31E21863A00951A58 /* Project object */ = {
			isa = PBXProject;
			attributes = {
				LastSwiftUpdateCheck = 0900;
				LastUpgradeCheck = 1400;
				ORGANIZATIONNAME = "Derek Cordon";
				TargetAttributes = {
					64A3CB641FA901CE00D37E6A = {
						CreatedOnToolsVersion = 9.0;
						DevelopmentTeam = 3N7PM336W9;
						LastSwiftMigration = 1020;
						ProvisioningStyle = Automatic;
						SystemCapabilities = {
							com.apple.ApplicationGroups.iOS = {
								enabled = 1;
							};
						};
					};
					64FDE6EA1E21863A00951A58 = {
						CreatedOnToolsVersion = 8.2.1;
						DevelopmentTeam = 3N7PM336W9;
						LastSwiftMigration = 1020;
						ProvisioningStyle = Automatic;
						SystemCapabilities = {
							com.apple.ApplicationGroups.iOS = {
								enabled = 1;
							};
							com.apple.BackgroundModes = {
								enabled = 1;
							};
							com.apple.InAppPurchase = {
								enabled = 0;
							};
							com.apple.Maps.iOS = {
								enabled = 1;
							};
						};
					};
				};
			};
			buildConfigurationList = 64FDE6E61E21863A00951A58 /* Build configuration list for PBXProject "Holy Places" */;
			compatibilityVersion = "Xcode 3.2";
			developmentRegion = en;
			hasScannedForEncodings = 0;
			knownRegions = (
				en,
				Base,
			);
			mainGroup = 64FDE6E21E21863A00951A58;
			productRefGroup = 64FDE6EC1E21863A00951A58 /* Products */;
			projectDirPath = "";
			projectRoot = "";
			targets = (
				64FDE6EA1E21863A00951A58 /* Holy Places */,
				64A3CB641FA901CE00D37E6A /* Holy Places Widget */,
			);
		};
/* End PBXProject section */

/* Begin PBXResourcesBuildPhase section */
		64A3CB631FA901CE00D37E6A /* Resources */ = {
			isa = PBXResourcesBuildPhase;
			buildActionMask = 2147483647;
			files = (
				643E378A226BF87D000FEBBC /* MainInterface.storyboard in Resources */,
			);
			runOnlyForDeploymentPostprocessing = 0;
		};
		64FDE6E91E21863A00951A58 /* Resources */ = {
			isa = PBXResourcesBuildPhase;
			buildActionMask = 2147483647;
			files = (
				644D96601F69F77A00E9D502 /* Main.storyboard in Resources */,
				64B520FD1FD6FD6900E9B1EE /* Visits.gpx in Resources */,
				64FDE6FB1E21863A00951A58 /* LaunchScreen.storyboard in Resources */,
				643B59CE2139B99300C71A3B /* SummaryQuotes.xml in Resources */,
				64FDE6F81E21863A00951A58 /* Assets.xcassets in Resources */,
				64F810B92029513D00B435BA /* HolyPlaces.xml in Resources */,
			);
			runOnlyForDeploymentPostprocessing = 0;
		};
/* End PBXResourcesBuildPhase section */

/* Begin PBXSourcesBuildPhase section */
		64A3CB611FA901CE00D37E6A /* Sources */ = {
			isa = PBXSourcesBuildPhase;
			buildActionMask = 2147483647;
			files = (
				64A3CB6A1FA901CE00D37E6A /* TodayViewController.swift in Sources */,
			);
			runOnlyForDeploymentPostprocessing = 0;
		};
		64FDE6E71E21863A00951A58 /* Sources */ = {
			isa = PBXSourcesBuildPhase;
			buildActionMask = 2147483647;
			files = (
				64FDE6EF1E21863A00951A58 /* AppDelegate.swift in Sources */,
				64D934591E368ACB008F9975 /* SummaryVC.swift in Sources */,
				64F9313E1E6F57B500F053F3 /* AltLocationVC.swift in Sources */,
				642B345D1E2818C200A56C77 /* Extensions.swift in Sources */,
				6479E5EB1F05733D0087E013 /* MapVC.swift in Sources */,
				6453044E1F79443500667F7D /* CopyableLabel.swift in Sources */,
				64228E0F1F3A04F3009ADCFD /* PlaceDetailVC.swift in Sources */,
				64230DEE236E125C00759E6B /* NewVisitVC.swift in Sources */,
				64B521011FD9D94200E9B1EE /* SettingsTableVC.swift in Sources */,
				642565641E32F55C0020FA73 /* OptionsVC.swift in Sources */,
				64732F55216FB09B003E0EBD /* Achievement.swift in Sources */,
				64732F53216FA455003E0EBD /* AchievementsVC.swift in Sources */,
				64DD9F601E3C02BC00A9EBE9 /* CustomButton.swift in Sources */,
				64F25D331E30FDDB009FDEF3 /* DateChangeVC.swift in Sources */,
				64EE3EB51ED487DB00B345C6 /* VisitImageVC.swift in Sources */,
				646BCD801E8EE81800E8E839 /* RecordVisitVC.swift in Sources */,
				64CAEBEF1E2198C000F7C605 /* TableViewController.swift in Sources */,
				644243C71E2A6CB10097E924 /* HomeVC.swift in Sources */,
				6460807B1E4B9A5D002CF985 /* VisitOptionsVC.swift in Sources */,
				64CAEBF11E21B80900F7C605 /* Temples.swift in Sources */,
				644243C51E298CA80097E924 /* VisitTableVC.swift in Sources */,
				64DD9F621E3D2CA900A9EBE9 /* WebsiteVC.swift in Sources */,
				642B345B1E27CDB700A56C77 /* HolyData.xcdatamodeld in Sources */,
				64F7364B1E3AA84A00622CD5 /* InfoVC.swift in Sources */,
				644243C31E2975810097E924 /* VisitDetailVC.swift in Sources */,
				64B557EA1F1FEC68002E4182 /* MapOptionsVC.swift in Sources */,
				6479E5EF1F0579B50087E013 /* MapPoint.swift in Sources */,
			);
			runOnlyForDeploymentPostprocessing = 0;
		};
/* End PBXSourcesBuildPhase section */

/* Begin PBXTargetDependency section */
		64A3CB701FA901CE00D37E6A /* PBXTargetDependency */ = {
			isa = PBXTargetDependency;
			target = 64A3CB641FA901CE00D37E6A /* Holy Places Widget */;
			targetProxy = 64A3CB6F1FA901CE00D37E6A /* PBXContainerItemProxy */;
		};
/* End PBXTargetDependency section */

/* Begin PBXVariantGroup section */
		64FDE6F91E21863A00951A58 /* LaunchScreen.storyboard */ = {
			isa = PBXVariantGroup;
			children = (
				64BE95172339BD270029E3B3 /* Base */,
			);
			name = LaunchScreen.storyboard;
			sourceTree = "<group>";
		};
/* End PBXVariantGroup section */

/* Begin XCBuildConfiguration section */
		64A3CB721FA901CE00D37E6A /* Debug */ = {
			isa = XCBuildConfiguration;
			buildSettings = {
				CLANG_ANALYZER_NUMBER_OBJECT_CONVERSION = YES_AGGRESSIVE;
				CLANG_CXX_LANGUAGE_STANDARD = "gnu++14";
				CLANG_WARN_UNGUARDED_AVAILABILITY = YES_AGGRESSIVE;
				CODE_SIGN_ENTITLEMENTS = "Holy Places Widget/Holy Places Widget.entitlements";
				CODE_SIGN_IDENTITY = "iPhone Developer";
				CODE_SIGN_STYLE = Automatic;
				CURRENT_PROJECT_VERSION = 1;
				DEVELOPMENT_TEAM = 3N7PM336W9;
				GCC_C_LANGUAGE_STANDARD = gnu11;
				INFOPLIST_FILE = "Holy Places Widget/Info.plist";
				IPHONEOS_DEPLOYMENT_TARGET = 14.0;
				LD_RUNPATH_SEARCH_PATHS = "$(inherited) @executable_path/Frameworks @executable_path/../../Frameworks";
				MARKETING_VERSION = 3.9;
				PRODUCT_BUNDLE_IDENTIFIER = "net.dacworld.Holy-Places.Holy-Places-Widget";
				PRODUCT_NAME = "$(TARGET_NAME)";
				SKIP_INSTALL = YES;
				SWIFT_VERSION = 5.0;
				TARGETED_DEVICE_FAMILY = "1,2";
			};
			name = Debug;
		};
		64A3CB731FA901CE00D37E6A /* Release */ = {
			isa = XCBuildConfiguration;
			buildSettings = {
				CLANG_ANALYZER_NUMBER_OBJECT_CONVERSION = YES_AGGRESSIVE;
				CLANG_CXX_LANGUAGE_STANDARD = "gnu++14";
				CLANG_WARN_UNGUARDED_AVAILABILITY = YES_AGGRESSIVE;
				CODE_SIGN_ENTITLEMENTS = "Holy Places Widget/Holy Places Widget.entitlements";
				CODE_SIGN_IDENTITY = "iPhone Developer";
				CODE_SIGN_STYLE = Automatic;
				CURRENT_PROJECT_VERSION = 1;
				DEVELOPMENT_TEAM = 3N7PM336W9;
				GCC_C_LANGUAGE_STANDARD = gnu11;
				INFOPLIST_FILE = "Holy Places Widget/Info.plist";
				IPHONEOS_DEPLOYMENT_TARGET = 14.0;
				LD_RUNPATH_SEARCH_PATHS = "$(inherited) @executable_path/Frameworks @executable_path/../../Frameworks";
				MARKETING_VERSION = 3.9;
				PRODUCT_BUNDLE_IDENTIFIER = "net.dacworld.Holy-Places.Holy-Places-Widget";
				PRODUCT_NAME = "$(TARGET_NAME)";
				SKIP_INSTALL = YES;
				SWIFT_VERSION = 5.0;
				TARGETED_DEVICE_FAMILY = "1,2";
			};
			name = Release;
		};
		64FDE6FD1E21863A00951A58 /* Debug */ = {
			isa = XCBuildConfiguration;
			buildSettings = {
				ALWAYS_SEARCH_USER_PATHS = NO;
				CLANG_ANALYZER_NONNULL = YES;
				CLANG_CXX_LANGUAGE_STANDARD = "gnu++0x";
				CLANG_CXX_LIBRARY = "libc++";
				CLANG_ENABLE_MODULES = YES;
				CLANG_ENABLE_OBJC_ARC = YES;
				CLANG_WARN_BLOCK_CAPTURE_AUTORELEASING = YES;
				CLANG_WARN_BOOL_CONVERSION = YES;
				CLANG_WARN_COMMA = YES;
				CLANG_WARN_CONSTANT_CONVERSION = YES;
				CLANG_WARN_DEPRECATED_OBJC_IMPLEMENTATIONS = YES;
				CLANG_WARN_DIRECT_OBJC_ISA_USAGE = YES_ERROR;
				CLANG_WARN_DOCUMENTATION_COMMENTS = YES;
				CLANG_WARN_EMPTY_BODY = YES;
				CLANG_WARN_ENUM_CONVERSION = YES;
				CLANG_WARN_INFINITE_RECURSION = YES;
				CLANG_WARN_INT_CONVERSION = YES;
				CLANG_WARN_NON_LITERAL_NULL_CONVERSION = YES;
				CLANG_WARN_OBJC_IMPLICIT_RETAIN_SELF = YES;
				CLANG_WARN_OBJC_LITERAL_CONVERSION = YES;
				CLANG_WARN_OBJC_ROOT_CLASS = YES_ERROR;
				CLANG_WARN_QUOTED_INCLUDE_IN_FRAMEWORK_HEADER = YES;
				CLANG_WARN_RANGE_LOOP_ANALYSIS = YES;
				CLANG_WARN_STRICT_PROTOTYPES = YES;
				CLANG_WARN_SUSPICIOUS_MOVE = YES;
				CLANG_WARN_UNREACHABLE_CODE = YES;
				CLANG_WARN__DUPLICATE_METHOD_MATCH = YES;
				"CODE_SIGN_IDENTITY[sdk=iphoneos*]" = "iPhone Developer";
				COPY_PHASE_STRIP = NO;
				DEBUG_INFORMATION_FORMAT = dwarf;
				ENABLE_STRICT_OBJC_MSGSEND = YES;
				ENABLE_TESTABILITY = YES;
				GCC_C_LANGUAGE_STANDARD = gnu99;
				GCC_DYNAMIC_NO_PIC = NO;
				GCC_NO_COMMON_BLOCKS = YES;
				GCC_OPTIMIZATION_LEVEL = 0;
				GCC_PREPROCESSOR_DEFINITIONS = (
					"DEBUG=1",
					"$(inherited)",
				);
				GCC_WARN_64_TO_32_BIT_CONVERSION = YES;
				GCC_WARN_ABOUT_RETURN_TYPE = YES_ERROR;
				GCC_WARN_UNDECLARED_SELECTOR = YES;
				GCC_WARN_UNINITIALIZED_AUTOS = YES_AGGRESSIVE;
				GCC_WARN_UNUSED_FUNCTION = YES;
				GCC_WARN_UNUSED_VARIABLE = YES;
				IPHONEOS_DEPLOYMENT_TARGET = 12.0;
				MTL_ENABLE_DEBUG_INFO = YES;
				ONLY_ACTIVE_ARCH = YES;
				SDKROOT = iphoneos;
				SWIFT_ACTIVE_COMPILATION_CONDITIONS = DEBUG;
				SWIFT_OPTIMIZATION_LEVEL = "-Onone";
			};
			name = Debug;
		};
		64FDE6FE1E21863A00951A58 /* Release */ = {
			isa = XCBuildConfiguration;
			buildSettings = {
				ALWAYS_SEARCH_USER_PATHS = NO;
				CLANG_ANALYZER_NONNULL = YES;
				CLANG_CXX_LANGUAGE_STANDARD = "gnu++0x";
				CLANG_CXX_LIBRARY = "libc++";
				CLANG_ENABLE_MODULES = YES;
				CLANG_ENABLE_OBJC_ARC = YES;
				CLANG_WARN_BLOCK_CAPTURE_AUTORELEASING = YES;
				CLANG_WARN_BOOL_CONVERSION = YES;
				CLANG_WARN_COMMA = YES;
				CLANG_WARN_CONSTANT_CONVERSION = YES;
				CLANG_WARN_DEPRECATED_OBJC_IMPLEMENTATIONS = YES;
				CLANG_WARN_DIRECT_OBJC_ISA_USAGE = YES_ERROR;
				CLANG_WARN_DOCUMENTATION_COMMENTS = YES;
				CLANG_WARN_EMPTY_BODY = YES;
				CLANG_WARN_ENUM_CONVERSION = YES;
				CLANG_WARN_INFINITE_RECURSION = YES;
				CLANG_WARN_INT_CONVERSION = YES;
				CLANG_WARN_NON_LITERAL_NULL_CONVERSION = YES;
				CLANG_WARN_OBJC_IMPLICIT_RETAIN_SELF = YES;
				CLANG_WARN_OBJC_LITERAL_CONVERSION = YES;
				CLANG_WARN_OBJC_ROOT_CLASS = YES_ERROR;
				CLANG_WARN_QUOTED_INCLUDE_IN_FRAMEWORK_HEADER = YES;
				CLANG_WARN_RANGE_LOOP_ANALYSIS = YES;
				CLANG_WARN_STRICT_PROTOTYPES = YES;
				CLANG_WARN_SUSPICIOUS_MOVE = YES;
				CLANG_WARN_UNREACHABLE_CODE = YES;
				CLANG_WARN__DUPLICATE_METHOD_MATCH = YES;
				"CODE_SIGN_IDENTITY[sdk=iphoneos*]" = "iPhone Developer";
				COPY_PHASE_STRIP = NO;
				DEBUG_INFORMATION_FORMAT = "dwarf-with-dsym";
				ENABLE_NS_ASSERTIONS = NO;
				ENABLE_STRICT_OBJC_MSGSEND = YES;
				GCC_C_LANGUAGE_STANDARD = gnu99;
				GCC_NO_COMMON_BLOCKS = YES;
				GCC_WARN_64_TO_32_BIT_CONVERSION = YES;
				GCC_WARN_ABOUT_RETURN_TYPE = YES_ERROR;
				GCC_WARN_UNDECLARED_SELECTOR = YES;
				GCC_WARN_UNINITIALIZED_AUTOS = YES_AGGRESSIVE;
				GCC_WARN_UNUSED_FUNCTION = YES;
				GCC_WARN_UNUSED_VARIABLE = YES;
				IPHONEOS_DEPLOYMENT_TARGET = 12.0;
				MTL_ENABLE_DEBUG_INFO = NO;
				SDKROOT = iphoneos;
				SWIFT_OPTIMIZATION_LEVEL = "-Owholemodule";
				VALIDATE_PRODUCT = YES;
			};
			name = Release;
		};
		64FDE7001E21863A00951A58 /* Debug */ = {
			isa = XCBuildConfiguration;
			buildSettings = {
				ALWAYS_EMBED_SWIFT_STANDARD_LIBRARIES = YES;
				ASSETCATALOG_COMPILER_APPICON_NAME = AppIcon;
				CODE_SIGN_ENTITLEMENTS = "Holy Places/Holy Places.entitlements";
				CODE_SIGN_IDENTITY = "iPhone Developer";
				"CODE_SIGN_IDENTITY[sdk=iphoneos*]" = "iPhone Developer";
				CURRENT_PROJECT_VERSION = 1;
				DEBUG_ACTIVITY_MODE = "";
				"DEBUG_ACTIVITY_MODE[sdk=iphonesimulator*]" = disable;
				DEVELOPMENT_TEAM = 3N7PM336W9;
				INFOPLIST_FILE = "Holy Places/Info.plist";
				INFOPLIST_KEY_CFBundleDisplayName = "Holy Places of the Lord";
				INFOPLIST_KEY_LSApplicationCategoryType = "public.app-category.reference";
				IPHONEOS_DEPLOYMENT_TARGET = 14.0;
				LD_RUNPATH_SEARCH_PATHS = "$(inherited) @executable_path/Frameworks";
				MARKETING_VERSION = 3.9;
				PRODUCT_BUNDLE_IDENTIFIER = "net.dacworld.Holy-Places";
				PRODUCT_NAME = "$(TARGET_NAME)";
				PROVISIONING_PROFILE = "";
				PROVISIONING_PROFILE_SPECIFIER = "";
				SWIFT_VERSION = 5.0;
				TARGETED_DEVICE_FAMILY = "1,2";
			};
			name = Debug;
		};
		64FDE7011E21863A00951A58 /* Release */ = {
			isa = XCBuildConfiguration;
			buildSettings = {
				ALWAYS_EMBED_SWIFT_STANDARD_LIBRARIES = YES;
				ASSETCATALOG_COMPILER_APPICON_NAME = AppIcon;
				CODE_SIGN_ENTITLEMENTS = "Holy Places/Holy Places.entitlements";
				CODE_SIGN_IDENTITY = "iPhone Developer";
				"CODE_SIGN_IDENTITY[sdk=iphoneos*]" = "iPhone Developer";
				CURRENT_PROJECT_VERSION = 1;
				DEBUG_ACTIVITY_MODE = "";
				DEVELOPMENT_TEAM = 3N7PM336W9;
				INFOPLIST_FILE = "Holy Places/Info.plist";
				INFOPLIST_KEY_CFBundleDisplayName = "Holy Places of the Lord";
				INFOPLIST_KEY_LSApplicationCategoryType = "public.app-category.reference";
				IPHONEOS_DEPLOYMENT_TARGET = 14.0;
				LD_RUNPATH_SEARCH_PATHS = "$(inherited) @executable_path/Frameworks";
				MARKETING_VERSION = 3.9;
				PRODUCT_BUNDLE_IDENTIFIER = "net.dacworld.Holy-Places";
				PRODUCT_NAME = "$(TARGET_NAME)";
				PROVISIONING_PROFILE = "";
				PROVISIONING_PROFILE_SPECIFIER = "";
				SWIFT_VERSION = 5.0;
				TARGETED_DEVICE_FAMILY = "1,2";
			};
			name = Release;
		};
/* End XCBuildConfiguration section */

/* Begin XCConfigurationList section */
		64A3CB741FA901CE00D37E6A /* Build configuration list for PBXNativeTarget "Holy Places Widget" */ = {
			isa = XCConfigurationList;
			buildConfigurations = (
				64A3CB721FA901CE00D37E6A /* Debug */,
				64A3CB731FA901CE00D37E6A /* Release */,
			);
			defaultConfigurationIsVisible = 0;
			defaultConfigurationName = Release;
		};
		64FDE6E61E21863A00951A58 /* Build configuration list for PBXProject "Holy Places" */ = {
			isa = XCConfigurationList;
			buildConfigurations = (
				64FDE6FD1E21863A00951A58 /* Debug */,
				64FDE6FE1E21863A00951A58 /* Release */,
			);
			defaultConfigurationIsVisible = 0;
			defaultConfigurationName = Release;
		};
		64FDE6FF1E21863A00951A58 /* Build configuration list for PBXNativeTarget "Holy Places" */ = {
			isa = XCConfigurationList;
			buildConfigurations = (
				64FDE7001E21863A00951A58 /* Debug */,
				64FDE7011E21863A00951A58 /* Release */,
			);
			defaultConfigurationIsVisible = 0;
			defaultConfigurationName = Release;
		};
/* End XCConfigurationList section */

/* Begin XCVersionGroup section */
		642B34591E27CDB700A56C77 /* HolyData.xcdatamodeld */ = {
			isa = XCVersionGroup;
			children = (
				642B345A1E27CDB700A56C77 /* HolyData.xcdatamodel */,
			);
			currentVersion = 642B345A1E27CDB700A56C77 /* HolyData.xcdatamodel */;
			path = HolyData.xcdatamodeld;
			sourceTree = "<group>";
			versionGroupType = wrapper.xcdatamodel;
		};
/* End XCVersionGroup section */
	};
	rootObject = 64FDE6E31E21863A00951A58 /* Project object */;
}
