// !$*UTF8*$!
{
	archiveVersion = 1;
	classes = {
	};
	objectVersion = 46;
	objects = {

/* Begin PBXBuildFile section */
		642565641E32F55C0020FA73 /* OptionsVC.swift in Sources */ = {isa = PBXBuildFile; fileRef = 642565631E32F55C0020FA73 /* OptionsVC.swift */; };
		642B345B1E27CDB700A56C77 /* HolyData.xcdatamodeld in Sources */ = {isa = PBXBuildFile; fileRef = 642B34591E27CDB700A56C77 /* HolyData.xcdatamodeld */; };
		642B345D1E2818C200A56C77 /* Extensions.swift in Sources */ = {isa = PBXBuildFile; fileRef = 642B345C1E2818C200A56C77 /* Extensions.swift */; };
		644243C31E2975810097E924 /* VisitDetailVC.swift in Sources */ = {isa = PBXBuildFile; fileRef = 644243C21E2975810097E924 /* VisitDetailVC.swift */; };
		644243C51E298CA80097E924 /* VisitTableVC.swift in Sources */ = {isa = PBXBuildFile; fileRef = 644243C41E298CA80097E924 /* VisitTableVC.swift */; };
		644243C71E2A6CB10097E924 /* HomeVC.swift in Sources */ = {isa = PBXBuildFile; fileRef = 644243C61E2A6CB10097E924 /* HomeVC.swift */; };
		6461BAE11E3BF7A200365698 /* StoreKit.framework in Frameworks */ = {isa = PBXBuildFile; fileRef = 6461BAE01E3BF7A200365698 /* StoreKit.framework */; };
		64CAEBEF1E2198C000F7C605 /* TableViewController.swift in Sources */ = {isa = PBXBuildFile; fileRef = 64CAEBEE1E2198C000F7C605 /* TableViewController.swift */; };
		64CAEBF11E21B80900F7C605 /* Temples.swift in Sources */ = {isa = PBXBuildFile; fileRef = 64CAEBF01E21B80900F7C605 /* Temples.swift */; };
		64CAEBF31E255A0F00F7C605 /* DetailViewController.swift in Sources */ = {isa = PBXBuildFile; fileRef = 64CAEBF21E255A0F00F7C605 /* DetailViewController.swift */; };
		64D934591E368ACB008F9975 /* SummaryVC.swift in Sources */ = {isa = PBXBuildFile; fileRef = 64D934581E368ACB008F9975 /* SummaryVC.swift */; };
		64DD9F601E3C02BC00A9EBE9 /* CustomButton.swift in Sources */ = {isa = PBXBuildFile; fileRef = 64DD9F5F1E3C02BC00A9EBE9 /* CustomButton.swift */; };
		64DD9F621E3D2CA900A9EBE9 /* WebsiteVC.swift in Sources */ = {isa = PBXBuildFile; fileRef = 64DD9F611E3D2CA900A9EBE9 /* WebsiteVC.swift */; };
		64F25D331E30FDDB009FDEF3 /* DateChangeVC.swift in Sources */ = {isa = PBXBuildFile; fileRef = 64F25D321E30FDDB009FDEF3 /* DateChangeVC.swift */; };
		64F7364B1E3AA84A00622CD5 /* InfoVC.swift in Sources */ = {isa = PBXBuildFile; fileRef = 64F7364A1E3AA84A00622CD5 /* InfoVC.swift */; };
		64FDE6EF1E21863A00951A58 /* AppDelegate.swift in Sources */ = {isa = PBXBuildFile; fileRef = 64FDE6EE1E21863A00951A58 /* AppDelegate.swift */; };
		64FDE6F61E21863A00951A58 /* Main.storyboard in Resources */ = {isa = PBXBuildFile; fileRef = 64FDE6F41E21863A00951A58 /* Main.storyboard */; };
		64FDE6F81E21863A00951A58 /* Assets.xcassets in Resources */ = {isa = PBXBuildFile; fileRef = 64FDE6F71E21863A00951A58 /* Assets.xcassets */; };
		64FDE6FB1E21863A00951A58 /* LaunchScreen.storyboard in Resources */ = {isa = PBXBuildFile; fileRef = 64FDE6F91E21863A00951A58 /* LaunchScreen.storyboard */; };
/* End PBXBuildFile section */

/* Begin PBXFileReference section */
		642565631E32F55C0020FA73 /* OptionsVC.swift */ = {isa = PBXFileReference; fileEncoding = 4; lastKnownFileType = sourcecode.swift; path = OptionsVC.swift; sourceTree = "<group>"; };
		642B345A1E27CDB700A56C77 /* HolyData.xcdatamodel */ = {isa = PBXFileReference; lastKnownFileType = wrapper.xcdatamodel; path = HolyData.xcdatamodel; sourceTree = "<group>"; };
		642B345C1E2818C200A56C77 /* Extensions.swift */ = {isa = PBXFileReference; fileEncoding = 4; lastKnownFileType = sourcecode.swift; path = Extensions.swift; sourceTree = "<group>"; };
		644243C21E2975810097E924 /* VisitDetailVC.swift */ = {isa = PBXFileReference; fileEncoding = 4; lastKnownFileType = sourcecode.swift; path = VisitDetailVC.swift; sourceTree = "<group>"; };
		644243C41E298CA80097E924 /* VisitTableVC.swift */ = {isa = PBXFileReference; fileEncoding = 4; lastKnownFileType = sourcecode.swift; path = VisitTableVC.swift; sourceTree = "<group>"; };
		644243C61E2A6CB10097E924 /* HomeVC.swift */ = {isa = PBXFileReference; fileEncoding = 4; lastKnownFileType = sourcecode.swift; path = HomeVC.swift; sourceTree = "<group>"; };
		6461BAE01E3BF7A200365698 /* StoreKit.framework */ = {isa = PBXFileReference; lastKnownFileType = wrapper.framework; name = StoreKit.framework; path = System/Library/Frameworks/StoreKit.framework; sourceTree = SDKROOT; };
		64CAEBEE1E2198C000F7C605 /* TableViewController.swift */ = {isa = PBXFileReference; fileEncoding = 4; lastKnownFileType = sourcecode.swift; path = TableViewController.swift; sourceTree = "<group>"; };
		64CAEBF01E21B80900F7C605 /* Temples.swift */ = {isa = PBXFileReference; fileEncoding = 4; lastKnownFileType = sourcecode.swift; path = Temples.swift; sourceTree = "<group>"; };
		64CAEBF21E255A0F00F7C605 /* DetailViewController.swift */ = {isa = PBXFileReference; fileEncoding = 4; lastKnownFileType = sourcecode.swift; path = DetailViewController.swift; sourceTree = "<group>"; };
		64D934581E368ACB008F9975 /* SummaryVC.swift */ = {isa = PBXFileReference; fileEncoding = 4; lastKnownFileType = sourcecode.swift; path = SummaryVC.swift; sourceTree = "<group>"; };
		64DD9F5F1E3C02BC00A9EBE9 /* CustomButton.swift */ = {isa = PBXFileReference; fileEncoding = 4; lastKnownFileType = sourcecode.swift; path = CustomButton.swift; sourceTree = "<group>"; };
		64DD9F611E3D2CA900A9EBE9 /* WebsiteVC.swift */ = {isa = PBXFileReference; fileEncoding = 4; lastKnownFileType = sourcecode.swift; path = WebsiteVC.swift; sourceTree = "<group>"; };
		64F25D321E30FDDB009FDEF3 /* DateChangeVC.swift */ = {isa = PBXFileReference; fileEncoding = 4; lastKnownFileType = sourcecode.swift; path = DateChangeVC.swift; sourceTree = "<group>"; };
		64F7364A1E3AA84A00622CD5 /* InfoVC.swift */ = {isa = PBXFileReference; fileEncoding = 4; lastKnownFileType = sourcecode.swift; path = InfoVC.swift; sourceTree = "<group>"; };
		64FDE6EB1E21863A00951A58 /* Holy Places.app */ = {isa = PBXFileReference; explicitFileType = wrapper.application; includeInIndex = 0; path = "Holy Places.app"; sourceTree = BUILT_PRODUCTS_DIR; };
		64FDE6EE1E21863A00951A58 /* AppDelegate.swift */ = {isa = PBXFileReference; lastKnownFileType = sourcecode.swift; path = AppDelegate.swift; sourceTree = "<group>"; };
		64FDE6F51E21863A00951A58 /* Base */ = {isa = PBXFileReference; lastKnownFileType = file.storyboard; name = Base; path = Base.lproj/Main.storyboard; sourceTree = "<group>"; };
		64FDE6F71E21863A00951A58 /* Assets.xcassets */ = {isa = PBXFileReference; lastKnownFileType = folder.assetcatalog; path = Assets.xcassets; sourceTree = "<group>"; };
		64FDE6FA1E21863A00951A58 /* Base */ = {isa = PBXFileReference; lastKnownFileType = file.storyboard; name = Base; path = Base.lproj/LaunchScreen.storyboard; sourceTree = "<group>"; };
		64FDE6FC1E21863A00951A58 /* Info.plist */ = {isa = PBXFileReference; lastKnownFileType = text.plist.xml; path = Info.plist; sourceTree = "<group>"; };
/* End PBXFileReference section */

/* Begin PBXFrameworksBuildPhase section */
		64FDE6E81E21863A00951A58 /* Frameworks */ = {
			isa = PBXFrameworksBuildPhase;
			buildActionMask = 2147483647;
			files = (
				6461BAE11E3BF7A200365698 /* StoreKit.framework in Frameworks */,
			);
			runOnlyForDeploymentPostprocessing = 0;
		};
/* End PBXFrameworksBuildPhase section */

/* Begin PBXGroup section */
		6461BADF1E3BF7A200365698 /* Frameworks */ = {
			isa = PBXGroup;
			children = (
				6461BAE01E3BF7A200365698 /* StoreKit.framework */,
			);
			name = Frameworks;
			sourceTree = "<group>";
		};
		64F25D341E3121C6009FDEF3 /* ViewControllers */ = {
			isa = PBXGroup;
			children = (
				644243C61E2A6CB10097E924 /* HomeVC.swift */,
				64CAEBEE1E2198C000F7C605 /* TableViewController.swift */,
				64CAEBF21E255A0F00F7C605 /* DetailViewController.swift */,
				644243C41E298CA80097E924 /* VisitTableVC.swift */,
				644243C21E2975810097E924 /* VisitDetailVC.swift */,
				64F25D321E30FDDB009FDEF3 /* DateChangeVC.swift */,
				642565631E32F55C0020FA73 /* OptionsVC.swift */,
				64D934581E368ACB008F9975 /* SummaryVC.swift */,
				64F7364A1E3AA84A00622CD5 /* InfoVC.swift */,
				64DD9F611E3D2CA900A9EBE9 /* WebsiteVC.swift */,
			);
			name = ViewControllers;
			sourceTree = "<group>";
		};
		64FDE6E21E21863A00951A58 = {
			isa = PBXGroup;
			children = (
				64FDE6ED1E21863A00951A58 /* Holy Places */,
				64FDE6EC1E21863A00951A58 /* Products */,
				6461BADF1E3BF7A200365698 /* Frameworks */,
			);
			sourceTree = "<group>";
		};
		64FDE6EC1E21863A00951A58 /* Products */ = {
			isa = PBXGroup;
			children = (
				64FDE6EB1E21863A00951A58 /* Holy Places.app */,
			);
			name = Products;
			sourceTree = "<group>";
		};
		64FDE6ED1E21863A00951A58 /* Holy Places */ = {
			isa = PBXGroup;
			children = (
				64F25D341E3121C6009FDEF3 /* ViewControllers */,
				64FDE6EE1E21863A00951A58 /* AppDelegate.swift */,
				64CAEBF01E21B80900F7C605 /* Temples.swift */,
				64FDE6F41E21863A00951A58 /* Main.storyboard */,
				64DD9F5F1E3C02BC00A9EBE9 /* CustomButton.swift */,
				642B345C1E2818C200A56C77 /* Extensions.swift */,
				64FDE6F71E21863A00951A58 /* Assets.xcassets */,
				64FDE6F91E21863A00951A58 /* LaunchScreen.storyboard */,
				64FDE6FC1E21863A00951A58 /* Info.plist */,
				642B34591E27CDB700A56C77 /* HolyData.xcdatamodeld */,
			);
			path = "Holy Places";
			sourceTree = "<group>";
		};
/* End PBXGroup section */

/* Begin PBXNativeTarget section */
		64FDE6EA1E21863A00951A58 /* Holy Places */ = {
			isa = PBXNativeTarget;
			buildConfigurationList = 64FDE6FF1E21863A00951A58 /* Build configuration list for PBXNativeTarget "Holy Places" */;
			buildPhases = (
				64FDE6E71E21863A00951A58 /* Sources */,
				64FDE6E81E21863A00951A58 /* Frameworks */,
				64FDE6E91E21863A00951A58 /* Resources */,
			);
			buildRules = (
			);
			dependencies = (
			);
			name = "Holy Places";
			productName = "Holy Places";
			productReference = 64FDE6EB1E21863A00951A58 /* Holy Places.app */;
			productType = "com.apple.product-type.application";
		};
/* End PBXNativeTarget section */

/* Begin PBXProject section */
		64FDE6E31E21863A00951A58 /* Project object */ = {
			isa = PBXProject;
			attributes = {
				LastSwiftUpdateCheck = 0820;
				LastUpgradeCheck = 0820;
				ORGANIZATIONNAME = "Derek Cordon";
				TargetAttributes = {
					64FDE6EA1E21863A00951A58 = {
						CreatedOnToolsVersion = 8.2.1;
						DevelopmentTeam = 3N7PM336W9;
						ProvisioningStyle = Automatic;
						SystemCapabilities = {
							com.apple.InAppPurchase = {
								enabled = 1;
							};
						};
					};
				};
			};
			buildConfigurationList = 64FDE6E61E21863A00951A58 /* Build configuration list for PBXProject "Holy Places" */;
			compatibilityVersion = "Xcode 3.2";
			developmentRegion = English;
			hasScannedForEncodings = 0;
			knownRegions = (
				en,
				Base,
			);
			mainGroup = 64FDE6E21E21863A00951A58;
			productRefGroup = 64FDE6EC1E21863A00951A58 /* Products */;
			projectDirPath = "";
			projectRoot = "";
			targets = (
				64FDE6EA1E21863A00951A58 /* Holy Places */,
			);
		};
/* End PBXProject section */

/* Begin PBXResourcesBuildPhase section */
		64FDE6E91E21863A00951A58 /* Resources */ = {
			isa = PBXResourcesBuildPhase;
			buildActionMask = 2147483647;
			files = (
				64FDE6FB1E21863A00951A58 /* LaunchScreen.storyboard in Resources */,
				64FDE6F81E21863A00951A58 /* Assets.xcassets in Resources */,
				64FDE6F61E21863A00951A58 /* Main.storyboard in Resources */,
			);
			runOnlyForDeploymentPostprocessing = 0;
		};
/* End PBXResourcesBuildPhase section */

/* Begin PBXSourcesBuildPhase section */
		64FDE6E71E21863A00951A58 /* Sources */ = {
			isa = PBXSourcesBuildPhase;
			buildActionMask = 2147483647;
			files = (
				64FDE6EF1E21863A00951A58 /* AppDelegate.swift in Sources */,
				64D934591E368ACB008F9975 /* SummaryVC.swift in Sources */,
				642B345D1E2818C200A56C77 /* Extensions.swift in Sources */,
				642565641E32F55C0020FA73 /* OptionsVC.swift in Sources */,
				64DD9F601E3C02BC00A9EBE9 /* CustomButton.swift in Sources */,
				64F25D331E30FDDB009FDEF3 /* DateChangeVC.swift in Sources */,
				64CAEBEF1E2198C000F7C605 /* TableViewController.swift in Sources */,
				644243C71E2A6CB10097E924 /* HomeVC.swift in Sources */,
				64CAEBF11E21B80900F7C605 /* Temples.swift in Sources */,
				64CAEBF31E255A0F00F7C605 /* DetailViewController.swift in Sources */,
				644243C51E298CA80097E924 /* VisitTableVC.swift in Sources */,
				64DD9F621E3D2CA900A9EBE9 /* WebsiteVC.swift in Sources */,
				642B345B1E27CDB700A56C77 /* HolyData.xcdatamodeld in Sources */,
				64F7364B1E3AA84A00622CD5 /* InfoVC.swift in Sources */,
				644243C31E2975810097E924 /* VisitDetailVC.swift in Sources */,
			);
			runOnlyForDeploymentPostprocessing = 0;
		};
/* End PBXSourcesBuildPhase section */

/* Begin PBXVariantGroup section */
		64FDE6F41E21863A00951A58 /* Main.storyboard */ = {
			isa = PBXVariantGroup;
			children = (
				64FDE6F51E21863A00951A58 /* Base */,
			);
			name = Main.storyboard;
			sourceTree = "<group>";
		};
		64FDE6F91E21863A00951A58 /* LaunchScreen.storyboard */ = {
			isa = PBXVariantGroup;
			children = (
				64FDE6FA1E21863A00951A58 /* Base */,
			);
			name = LaunchScreen.storyboard;
			sourceTree = "<group>";
		};
/* End PBXVariantGroup section */

/* Begin XCBuildConfiguration section */
		64FDE6FD1E21863A00951A58 /* Debug */ = {
			isa = XCBuildConfiguration;
			buildSettings = {
				ALWAYS_SEARCH_USER_PATHS = NO;
				CLANG_ANALYZER_NONNULL = YES;
				CLANG_CXX_LANGUAGE_STANDARD = "gnu++0x";
				CLANG_CXX_LIBRARY = "libc++";
				CLANG_ENABLE_MODULES = YES;
				CLANG_ENABLE_OBJC_ARC = YES;
				CLANG_WARN_BOOL_CONVERSION = YES;
				CLANG_WARN_CONSTANT_CONVERSION = YES;
				CLANG_WARN_DIRECT_OBJC_ISA_USAGE = YES_ERROR;
				CLANG_WARN_DOCUMENTATION_COMMENTS = YES;
				CLANG_WARN_EMPTY_BODY = YES;
				CLANG_WARN_ENUM_CONVERSION = YES;
				CLANG_WARN_INFINITE_RECURSION = YES;
				CLANG_WARN_INT_CONVERSION = YES;
				CLANG_WARN_OBJC_ROOT_CLASS = YES_ERROR;
				CLANG_WARN_SUSPICIOUS_MOVE = YES;
				CLANG_WARN_UNREACHABLE_CODE = YES;
				CLANG_WARN__DUPLICATE_METHOD_MATCH = YES;
				"CODE_SIGN_IDENTITY[sdk=iphoneos*]" = "iPhone Developer";
				COPY_PHASE_STRIP = NO;
				DEBUG_INFORMATION_FORMAT = dwarf;
				ENABLE_STRICT_OBJC_MSGSEND = YES;
				ENABLE_TESTABILITY = YES;
				GCC_C_LANGUAGE_STANDARD = gnu99;
				GCC_DYNAMIC_NO_PIC = NO;
				GCC_NO_COMMON_BLOCKS = YES;
				GCC_OPTIMIZATION_LEVEL = 0;
				GCC_PREPROCESSOR_DEFINITIONS = (
					"DEBUG=1",
					"$(inherited)",
				);
				GCC_WARN_64_TO_32_BIT_CONVERSION = YES;
				GCC_WARN_ABOUT_RETURN_TYPE = YES_ERROR;
				GCC_WARN_UNDECLARED_SELECTOR = YES;
				GCC_WARN_UNINITIALIZED_AUTOS = YES_AGGRESSIVE;
				GCC_WARN_UNUSED_FUNCTION = YES;
				GCC_WARN_UNUSED_VARIABLE = YES;
				IPHONEOS_DEPLOYMENT_TARGET = 10.2;
				MTL_ENABLE_DEBUG_INFO = YES;
				ONLY_ACTIVE_ARCH = YES;
				SDKROOT = iphoneos;
				SWIFT_ACTIVE_COMPILATION_CONDITIONS = DEBUG;
				SWIFT_OPTIMIZATION_LEVEL = "-Onone";
			};
			name = Debug;
		};
		64FDE6FE1E21863A00951A58 /* Release */ = {
			isa = XCBuildConfiguration;
			buildSettings = {
				ALWAYS_SEARCH_USER_PATHS = NO;
				CLANG_ANALYZER_NONNULL = YES;
				CLANG_CXX_LANGUAGE_STANDARD = "gnu++0x";
				CLANG_CXX_LIBRARY = "libc++";
				CLANG_ENABLE_MODULES = YES;
				CLANG_ENABLE_OBJC_ARC = YES;
				CLANG_WARN_BOOL_CONVERSION = YES;
				CLANG_WARN_CONSTANT_CONVERSION = YES;
				CLANG_WARN_DIRECT_OBJC_ISA_USAGE = YES_ERROR;
				CLANG_WARN_DOCUMENTATION_COMMENTS = YES;
				CLANG_WARN_EMPTY_BODY = YES;
				CLANG_WARN_ENUM_CONVERSION = YES;
				CLANG_WARN_INFINITE_RECURSION = YES;
				CLANG_WARN_INT_CONVERSION = YES;
				CLANG_WARN_OBJC_ROOT_CLASS = YES_ERROR;
				CLANG_WARN_SUSPICIOUS_MOVE = YES;
				CLANG_WARN_UNREACHABLE_CODE = YES;
				CLANG_WARN__DUPLICATE_METHOD_MATCH = YES;
				"CODE_SIGN_IDENTITY[sdk=iphoneos*]" = "iPhone Developer";
				COPY_PHASE_STRIP = NO;
				DEBUG_INFORMATION_FORMAT = "dwarf-with-dsym";
				ENABLE_NS_ASSERTIONS = NO;
				ENABLE_STRICT_OBJC_MSGSEND = YES;
				GCC_C_LANGUAGE_STANDARD = gnu99;
				GCC_NO_COMMON_BLOCKS = YES;
				GCC_WARN_64_TO_32_BIT_CONVERSION = YES;
				GCC_WARN_ABOUT_RETURN_TYPE = YES_ERROR;
				GCC_WARN_UNDECLARED_SELECTOR = YES;
				GCC_WARN_UNINITIALIZED_AUTOS = YES_AGGRESSIVE;
				GCC_WARN_UNUSED_FUNCTION = YES;
				GCC_WARN_UNUSED_VARIABLE = YES;
				IPHONEOS_DEPLOYMENT_TARGET = 10.2;
				MTL_ENABLE_DEBUG_INFO = NO;
				SDKROOT = iphoneos;
				SWIFT_OPTIMIZATION_LEVEL = "-Owholemodule";
				VALIDATE_PRODUCT = YES;
			};
			name = Release;
		};
		64FDE7001E21863A00951A58 /* Debug */ = {
			isa = XCBuildConfiguration;
			buildSettings = {
				ASSETCATALOG_COMPILER_APPICON_NAME = AppIcon;
				DEVELOPMENT_TEAM = 3N7PM336W9;
				INFOPLIST_FILE = "Holy Places/Info.plist";
				LD_RUNPATH_SEARCH_PATHS = "$(inherited) @executable_path/Frameworks";
				PRODUCT_BUNDLE_IDENTIFIER = "net.dacworld.Holy-Places";
				PRODUCT_NAME = "$(TARGET_NAME)";
				SWIFT_VERSION = 3.0;
			};
			name = Debug;
		};
		64FDE7011E21863A00951A58 /* Release */ = {
			isa = XCBuildConfiguration;
			buildSettings = {
				ASSETCATALOG_COMPILER_APPICON_NAME = AppIcon;
				DEVELOPMENT_TEAM = 3N7PM336W9;
				INFOPLIST_FILE = "Holy Places/Info.plist";
				LD_RUNPATH_SEARCH_PATHS = "$(inherited) @executable_path/Frameworks";
				PRODUCT_BUNDLE_IDENTIFIER = "net.dacworld.Holy-Places";
				PRODUCT_NAME = "$(TARGET_NAME)";
				SWIFT_VERSION = 3.0;
			};
			name = Release;
		};
/* End XCBuildConfiguration section */

/* Begin XCConfigurationList section */
		64FDE6E61E21863A00951A58 /* Build configuration list for PBXProject "Holy Places" */ = {
			isa = XCConfigurationList;
			buildConfigurations = (
				64FDE6FD1E21863A00951A58 /* Debug */,
				64FDE6FE1E21863A00951A58 /* Release */,
			);
			defaultConfigurationIsVisible = 0;
			defaultConfigurationName = Release;
		};
		64FDE6FF1E21863A00951A58 /* Build configuration list for PBXNativeTarget "Holy Places" */ = {
			isa = XCConfigurationList;
			buildConfigurations = (
				64FDE7001E21863A00951A58 /* Debug */,
				64FDE7011E21863A00951A58 /* Release */,
			);
			defaultConfigurationIsVisible = 0;
			defaultConfigurationName = Release;
		};
/* End XCConfigurationList section */

/* Begin XCVersionGroup section */
		642B34591E27CDB700A56C77 /* HolyData.xcdatamodeld */ = {
			isa = XCVersionGroup;
			children = (
				642B345A1E27CDB700A56C77 /* HolyData.xcdatamodel */,
			);
			currentVersion = 642B345A1E27CDB700A56C77 /* HolyData.xcdatamodel */;
			path = HolyData.xcdatamodeld;
			sourceTree = "<group>";
			versionGroupType = wrapper.xcdatamodel;
		};
/* End XCVersionGroup section */
	};
	rootObject = 64FDE6E31E21863A00951A58 /* Project object */;
}
